
Microsoft Visual Studio Solution File, Format Version 12.00
# Visual Studio Version 16
VisualStudioVersion = 16.0.30011.22
MinimumVisualStudioVersion = 10.0.40219.1
Project("{FAE04EC0-301F-11D3-BF4B-00C04F79EFBC}") = "S2_L2_T2_Timer", "S2_L2_T2_Timer.csproj", "{DAE3C9F9-C623-407A-B692-FDC8C700EB0D}"
EndProject
Global
	GlobalSection(SolutionConfigurationPlatforms) = preSolution
		Debug|Any CPU = Debug|Any CPU
		Release|Any CPU = Release|Any CPU
	EndGlobalSection
	GlobalSection(ProjectConfigurationPlatforms) = postSolution
		{DAE3C9F9-C623-407A-B692-FDC8C700EB0D}.Debug|Any CPU.ActiveCfg = Debug|Any CPU
		{DAE3C9F9-C623-407A-B692-FDC8C700EB0D}.Debug|Any CPU.Build.0 = Debug|Any CPU
		{DAE3C9F9-C623-407A-B692-FDC8C700EB0D}.Release|Any CPU.ActiveCfg = Release|Any CPU
		{DAE3C9F9-C623-407A-B692-FDC8C700EB0D}.Release|Any CPU.Build.0 = Release|Any CPU
	EndGlobalSection
	GlobalSection(SolutionProperties) = preSolution
		HideSolutionNode = FALSE
	EndGlobalSection
	GlobalSection(ExtensibilityGlobals) = postSolution
		SolutionGuid = {AC92CAA8-B0B9-41CA-B22D-7A6AF8BA6A97}
	EndGlobalSection
EndGlobal
